
Microsoft Visual Studio Solution File, Format Version 12.00
# Visual Studio 2013
VisualStudioVersion = 12.0.21005.1
MinimumVisualStudioVersion = 10.0.40219.1
Project("{888888A0-9F3D-457C-B088-3A5042F75D52}") = "learnP_181115_urllib", "learnP_181115_urllib\learnP_181115_urllib.pyproj", "{6945088C-F26A-4254-BB0D-8B930BA4ED4D}"
EndProject
Global
	GlobalSection(SolutionConfigurationPlatforms) = preSolution
		Debug|Any CPU = Debug|Any CPU
		Release|Any CPU = Release|Any CPU
	EndGlobalSection
	GlobalSection(ProjectConfigurationPlatforms) = postSolution
		{6945088C-F26A-4254-BB0D-8B930BA4ED4D}.Debug|Any CPU.ActiveCfg = Debug|Any CPU
		{6945088C-F26A-4254-BB0D-8B930BA4ED4D}.Release|Any CPU.ActiveCfg = Release|Any CPU
	EndGlobalSection
	GlobalSection(SolutionProperties) = preSolution
		HideSolutionNode = FALSE
	EndGlobalSection
EndGlobal
