
Microsoft Visual Studio Solution File, Format Version 12.00
# Visual Studio 2013
VisualStudioVersion = 12.0.21005.1
MinimumVisualStudioVersion = 10.0.40219.1
Project("{FAE04EC0-301F-11D3-BF4B-00C04F79EFBC}") = "map_181115", "map_181115\map_181115.csproj", "{3CF51423-FAE2-489C-BEBD-6C164266B321}"
EndProject
Global
	GlobalSection(SolutionConfigurationPlatforms) = preSolution
		Debug|Any CPU = Debug|Any CPU
		Release|Any CPU = Release|Any CPU
	EndGlobalSection
	GlobalSection(ProjectConfigurationPlatforms) = postSolution
		{3CF51423-FAE2-489C-BEBD-6C164266B321}.Debug|Any CPU.ActiveCfg = Debug|Any CPU
		{3CF51423-FAE2-489C-BEBD-6C164266B321}.Debug|Any CPU.Build.0 = Debug|Any CPU
		{3CF51423-FAE2-489C-BEBD-6C164266B321}.Release|Any CPU.ActiveCfg = Release|Any CPU
		{3CF51423-FAE2-489C-BEBD-6C164266B321}.Release|Any CPU.Build.0 = Release|Any CPU
	EndGlobalSection
	GlobalSection(SolutionProperties) = preSolution
		HideSolutionNode = FALSE
	EndGlobalSection
EndGlobal
