
Microsoft Visual Studio Solution File, Format Version 12.00
# Visual Studio 15
VisualStudioVersion = 15.0.27004.2002
MinimumVisualStudioVersion = 10.0.40219.1
Project("{FAE04EC0-301F-11D3-BF4B-00C04F79EFBC}") = "ACS", "ACS\ACS.csproj", "{CE5B4ABF-AEA8-4847-A38F-942D9AB019F2}"
EndProject
Global
	GlobalSection(SolutionConfigurationPlatforms) = preSolution
		Debug|Any CPU = Debug|Any CPU
		Release|Any CPU = Release|Any CPU
	EndGlobalSection
	GlobalSection(ProjectConfigurationPlatforms) = postSolution
		{CE5B4ABF-AEA8-4847-A38F-942D9AB019F2}.Debug|Any CPU.ActiveCfg = Debug|Any CPU
		{CE5B4ABF-AEA8-4847-A38F-942D9AB019F2}.Debug|Any CPU.Build.0 = Debug|Any CPU
		{CE5B4ABF-AEA8-4847-A38F-942D9AB019F2}.Release|Any CPU.ActiveCfg = Release|Any CPU
		{CE5B4ABF-AEA8-4847-A38F-942D9AB019F2}.Release|Any CPU.Build.0 = Release|Any CPU
	EndGlobalSection
	GlobalSection(SolutionProperties) = preSolution
		HideSolutionNode = FALSE
	EndGlobalSection
	GlobalSection(ExtensibilityGlobals) = postSolution
		SolutionGuid = {214C64E5-0B9F-413E-8DD2-653FA27EA2DF}
	EndGlobalSection
EndGlobal
