
Microsoft Visual Studio Solution File, Format Version 12.00
# Visual Studio 2013
VisualStudioVersion = 12.0.21005.1
MinimumVisualStudioVersion = 10.0.40219.1
Project("{FAE04EC0-301F-11D3-BF4B-00C04F79EFBC}") = "180925_learn_soap", "180925_learn_soap\180925_learn_soap.csproj", "{68347D38-23A0-4761-A7FA-AD7553B6FFCF}"
EndProject
Global
	GlobalSection(SolutionConfigurationPlatforms) = preSolution
		Debug|Any CPU = Debug|Any CPU
		Release|Any CPU = Release|Any CPU
	EndGlobalSection
	GlobalSection(ProjectConfigurationPlatforms) = postSolution
		{68347D38-23A0-4761-A7FA-AD7553B6FFCF}.Debug|Any CPU.ActiveCfg = Debug|Any CPU
		{68347D38-23A0-4761-A7FA-AD7553B6FFCF}.Debug|Any CPU.Build.0 = Debug|Any CPU
		{68347D38-23A0-4761-A7FA-AD7553B6FFCF}.Release|Any CPU.ActiveCfg = Release|Any CPU
		{68347D38-23A0-4761-A7FA-AD7553B6FFCF}.Release|Any CPU.Build.0 = Release|Any CPU
	EndGlobalSection
	GlobalSection(SolutionProperties) = preSolution
		HideSolutionNode = FALSE
	EndGlobalSection
EndGlobal
