
Microsoft Visual Studio Solution File, Format Version 12.00
# Visual Studio 2013
VisualStudioVersion = 12.0.21005.1
MinimumVisualStudioVersion = 10.0.40219.1
Project("{888888A0-9F3D-457C-B088-3A5042F75D52}") = "learnP_180713_ZZBDS", "learnP_180713_ZZBDS\learnP_180713_ZZBDS.pyproj", "{E0D61B7C-C389-4458-A904-6751C9B03F3D}"
EndProject
Global
	GlobalSection(SolutionConfigurationPlatforms) = preSolution
		Debug|Any CPU = Debug|Any CPU
		Release|Any CPU = Release|Any CPU
	EndGlobalSection
	GlobalSection(ProjectConfigurationPlatforms) = postSolution
		{E0D61B7C-C389-4458-A904-6751C9B03F3D}.Debug|Any CPU.ActiveCfg = Debug|Any CPU
		{E0D61B7C-C389-4458-A904-6751C9B03F3D}.Release|Any CPU.ActiveCfg = Release|Any CPU
	EndGlobalSection
	GlobalSection(SolutionProperties) = preSolution
		HideSolutionNode = FALSE
	EndGlobalSection
EndGlobal
