
Microsoft Visual Studio Solution File, Format Version 12.00
# Visual Studio 2013
VisualStudioVersion = 12.0.21005.1
MinimumVisualStudioVersion = 10.0.40219.1
Project("{FAE04EC0-301F-11D3-BF4B-00C04F79EFBC}") = "learn_180402_WorkStation", "learn_180402_WorkStation\learn_180402_WorkStation.csproj", "{DC20DE1A-83E7-4BC4-BA69-C6E48F142C0B}"
EndProject
Global
	GlobalSection(SolutionConfigurationPlatforms) = preSolution
		Debug|Any CPU = Debug|Any CPU
		Release|Any CPU = Release|Any CPU
	EndGlobalSection
	GlobalSection(ProjectConfigurationPlatforms) = postSolution
		{DC20DE1A-83E7-4BC4-BA69-C6E48F142C0B}.Debug|Any CPU.ActiveCfg = Debug|Any CPU
		{DC20DE1A-83E7-4BC4-BA69-C6E48F142C0B}.Debug|Any CPU.Build.0 = Debug|Any CPU
		{DC20DE1A-83E7-4BC4-BA69-C6E48F142C0B}.Release|Any CPU.ActiveCfg = Release|Any CPU
		{DC20DE1A-83E7-4BC4-BA69-C6E48F142C0B}.Release|Any CPU.Build.0 = Release|Any CPU
	EndGlobalSection
	GlobalSection(SolutionProperties) = preSolution
		HideSolutionNode = FALSE
	EndGlobalSection
EndGlobal
