
Microsoft Visual Studio Solution File, Format Version 12.00
# Visual Studio 2013
VisualStudioVersion = 12.0.21005.1
MinimumVisualStudioVersion = 10.0.40219.1
Project("{888888A0-9F3D-457C-B088-3A5042F75D52}") = "learnP_180705_OOP", "learnP_180705_OOP\learnP_180705_OOP.pyproj", "{FD7987A9-A855-4ADA-84D0-8C53D77A92B5}"
EndProject
Global
	GlobalSection(SolutionConfigurationPlatforms) = preSolution
		Debug|Any CPU = Debug|Any CPU
		Release|Any CPU = Release|Any CPU
	EndGlobalSection
	GlobalSection(ProjectConfigurationPlatforms) = postSolution
		{FD7987A9-A855-4ADA-84D0-8C53D77A92B5}.Debug|Any CPU.ActiveCfg = Debug|Any CPU
		{FD7987A9-A855-4ADA-84D0-8C53D77A92B5}.Release|Any CPU.ActiveCfg = Release|Any CPU
	EndGlobalSection
	GlobalSection(SolutionProperties) = preSolution
		HideSolutionNode = FALSE
	EndGlobalSection
EndGlobal
