
Microsoft Visual Studio Solution File, Format Version 12.00
# Visual Studio 2013
VisualStudioVersion = 12.0.21005.1
MinimumVisualStudioVersion = 10.0.40219.1
Project("{888888A0-9F3D-457C-B088-3A5042F75D52}") = "learnP_181127_excel", "learnP_181127_excel\learnP_181127_excel.pyproj", "{7F6E35FD-4A17-4F6E-8219-A130BD5A477A}"
EndProject
Global
	GlobalSection(SolutionConfigurationPlatforms) = preSolution
		Debug|Any CPU = Debug|Any CPU
		Release|Any CPU = Release|Any CPU
	EndGlobalSection
	GlobalSection(ProjectConfigurationPlatforms) = postSolution
		{7F6E35FD-4A17-4F6E-8219-A130BD5A477A}.Debug|Any CPU.ActiveCfg = Debug|Any CPU
		{7F6E35FD-4A17-4F6E-8219-A130BD5A477A}.Release|Any CPU.ActiveCfg = Release|Any CPU
	EndGlobalSection
	GlobalSection(SolutionProperties) = preSolution
		HideSolutionNode = FALSE
	EndGlobalSection
EndGlobal
