
Microsoft Visual Studio Solution File, Format Version 12.00
# Visual Studio 15
VisualStudioVersion = 15.0.26730.12
MinimumVisualStudioVersion = 10.0.40219.1
Project("{FAE04EC0-301F-11D3-BF4B-00C04F79EFBC}") = "StkTest", "StkTest\StkTest.csproj", "{ED23C199-EB4B-4B6E-B962-C9DDC19BE757}"
EndProject
Global
	GlobalSection(SolutionConfigurationPlatforms) = preSolution
		Debug|Any CPU = Debug|Any CPU
		Release|Any CPU = Release|Any CPU
	EndGlobalSection
	GlobalSection(ProjectConfigurationPlatforms) = postSolution
		{ED23C199-EB4B-4B6E-B962-C9DDC19BE757}.Debug|Any CPU.ActiveCfg = Debug|Any CPU
		{ED23C199-EB4B-4B6E-B962-C9DDC19BE757}.Debug|Any CPU.Build.0 = Debug|Any CPU
		{ED23C199-EB4B-4B6E-B962-C9DDC19BE757}.Release|Any CPU.ActiveCfg = Release|Any CPU
		{ED23C199-EB4B-4B6E-B962-C9DDC19BE757}.Release|Any CPU.Build.0 = Release|Any CPU
	EndGlobalSection
	GlobalSection(SolutionProperties) = preSolution
		HideSolutionNode = FALSE
	EndGlobalSection
	GlobalSection(ExtensibilityGlobals) = postSolution
		SolutionGuid = {3E92A79E-BC13-44FF-AFA0-FB856189E332}
	EndGlobalSection
EndGlobal
